{
  "name": "hubspot-cms-deploy",
  "version": "2",
  "lockfileVersion": 3,
  "requires": true,
  "packages": {
    "": {
      "name": "hubspot-cms-deploy",
      "version": "2",
      "dependencies": {
        "yoga-layout": "2.0.1"
      }
    },
    "node_modules/yoga-layout": {
      "version": "2.0.1",
      "resolved": "https://registry.npmjs.org/yoga-layout/-/yoga-layout-2.0.1.tgz",
      "integrity": "sha512-tT/oChyDXelLo2A+UVnlW9GU7CsvFMaEnd9kVFsaiCQonFAXd3xrHhkLYu+suwwosrAEQ746xBU+HvYtm1Zs2Q==",
      "license": "MIT"
    }
  }
}
