{
  "name": "hubspot-cms-deploy",
  "version": "2",
  "lockfileVersion": 3,
  "requires": true,
  "packages": {
    "": {
      "name": "hubspot-cms-deploy",
      "version": "2",
      "dependencies": {
        "yoga-layout": "^3.2.1"
      }
    },
    "node_modules/yoga-layout": {
      "version": "3.2.1",
      "resolved": "https://registry.npmjs.org/yoga-layout/-/yoga-layout-3.2.1.tgz",
      "integrity": "sha512-0LPOt3AxKqMdFBZA3HBAt/t/8vIKq7VaQYbuA8WxCgung+p9TVyKRYdpvCb80HcdTN2NkbIKbhNwKUfm3tQywQ==",
      "license": "MIT"
    }
  }
}
